{
    "owned": {
        "alias": "owned",
        "install_uri": "erc1319://0x1457890158DECD360e6d4d979edBcDD59c35feeB:1/owned@1.0.0",
        "registry_address": "0x1457890158DECD360e6d4d979edBcDD59c35feeB",
        "resolved_content_hash": "QmbeVyFLSuEUxiXKwSsEjef6icpdTdA4kGG9BcrJXKNKUW",
        "resolved_package_name": "owned",
        "resolved_uri": "ipfs://QmbeVyFLSuEUxiXKwSsEjef6icpdTdA4kGG9BcrJXKNKUW",
        "resolved_version": "1.0.0"
    }
}
