{
    "owned": {
        "alias": "owned",
        "install_uri": "erc1319://0x3F0ED4f69f21ca9d8748c860Ecd0aB6da44BA75a:1/owned@1.0.0",
        "registry_address": "0x3F0ED4f69f21ca9d8748c860Ecd0aB6da44BA75a",
        "resolved_content_hash": "QmcxvhkJJVpbxEAa6cgW3B6XwPJb79w9GpNUv2P2THUzZR",
        "resolved_package_name": "owned",
        "resolved_uri": "ipfs://QmcxvhkJJVpbxEAa6cgW3B6XwPJb79w9GpNUv2P2THUzZR",
        "resolved_version": "1.0.0"
    }
}
