{
    "owned": {
        "alias": "owned",
        "install_uri": "ipfs://QmbeVyFLSuEUxiXKwSsEjef6icpdTdA4kGG9BcrJXKNKUW",
        "registry_address": null,
        "resolved_content_hash": "QmbeVyFLSuEUxiXKwSsEjef6icpdTdA4kGG9BcrJXKNKUW",
        "resolved_package_name": "owned",
        "resolved_uri": "ipfs://QmbeVyFLSuEUxiXKwSsEjef6icpdTdA4kGG9BcrJXKNKUW",
        "resolved_version": "1.0.0"
    },
    "safe-math-lib": {
        "alias": "safe-math-lib",
        "install_uri": "ipfs://QmWgvM8yXGyHoGWqLFXvareJsoCZVsdrpKNCLMun3RaSJm",
        "registry_address": null,
        "resolved_content_hash": "QmWgvM8yXGyHoGWqLFXvareJsoCZVsdrpKNCLMun3RaSJm",
        "resolved_package_name": "safe-math-lib",
        "resolved_uri": "ipfs://QmWgvM8yXGyHoGWqLFXvareJsoCZVsdrpKNCLMun3RaSJm",
        "resolved_version": "1.0.0"
    }
}
